version = 1
revision = 2
requires-python = ">=3.11"

[[package]]
name = "pmtiles-last-week"
version = "0.1.0"
source = { editable = "." }
dependencies = [
    { name = "psycopg", extra = ["binary"] },
]

[package.metadata]
requires-dist = [{ name = "psycopg", extras = ["binary"], specifier = ">=3.1.18" }]

[package.metadata.requires-dev]
dev = []

[[package]]
name = "psycopg"
version = "3.3.1"
source = { registry = "https://pypi.org/simple" }
dependencies = [
    { name = "typing-extensions", marker = "python_full_version < '3.13'" },
    { name = "tzdata", marker = "sys_platform == 'win32'" },
]
sdist = { url = "https://files.pythonhosted.org/packages/18/ed/3a30e8ef82d4128c76aa9bd6b2a7fe6c16c283811e6655997f5047801b47/psycopg-3.3.1.tar.gz", hash = "sha256:ccfa30b75874eef809c0fbbb176554a2640cc1735a612accc2e2396a92442fc6", size = 165596, upload-time = "2025-12-02T21:09:55.545Z" }
wheels = [
    { url = "https://files.pythonhosted.org/packages/b6/f3/0b4a4c25a47c2d907afa97674287dab61bc9941c9ac3972a67100e33894d/psycopg-3.3.1-py3-none-any.whl", hash = "sha256:e44d8eae209752efe46318f36dd0fdf5863e928009338d736843bb1084f6435c", size = 212760, upload-time = "2025-12-02T21:02:36.029Z" },
]

[package.optional-dependencies]
binary = [
    { name = "psycopg-binary", marker = "implementation_name != 'pypy'" },
]

[[package]]
name = "psycopg-binary"
version = "3.3.1"
source = { registry = "https://pypi.org/simple" }
wheels = [
    { url = "https://files.pythonhosted.org/packages/d7/ef/bb1a2abce8959c0af69a00a7dd39de2bc5c83f63bf765d89a22b4d3c5dbf/psycopg_binary-3.3.1-cp311-cp311-macosx_10_9_x86_64.whl", hash = "sha256:855e8f8b9650adac91eeea494f62f3f089496331d4514ec14d2f745b7e19fd45", size = 4597892, upload-time = "2025-12-02T21:06:18.911Z" },
    { url = "https://files.pythonhosted.org/packages/1a/b9/3e25a9e3fea1f8616d9b7c807343b5cbe78dae7c502656e51cb897775adc/psycopg_binary-3.3.1-cp311-cp311-macosx_11_0_arm64.whl", hash = "sha256:5a83618f45a8972a6aeab05e894dd48be36b5e181ae7d0d5491ff53e63c079b3", size = 4664397, upload-time = "2025-12-02T21:06:23.867Z" },
    { url = "https://files.pythonhosted.org/packages/ba/c4/a313bdb1ff56dd7997ad8d586567d8fe2268036e69a52ed3c7de919f0f78/psycopg_binary-3.3.1-cp311-cp311-manylinux2014_ppc64le.manylinux_2_17_ppc64le.whl", hash = "sha256:8e3b63507b8b00ebbc35f78fbd1c00202da7cfa2091c28cd0679db2af1a378c3", size = 5478742, upload-time = "2025-12-02T21:06:28.072Z" },
    { url = "https://files.pythonhosted.org/packages/7d/55/2a13b2dc43a15ef87dcaac0c7eccba3042a50bee6ce0187c93d2e731165b/psycopg_binary-3.3.1-cp311-cp311-manylinux2014_x86_64.manylinux_2_17_x86_64.whl", hash = "sha256:defb3272cd3f0cddd7e3ac83c68e644d2facbad2660020a7ce10bf0e36a44b9b", size = 5151820, upload-time = "2025-12-02T21:06:32.415Z" },
    { url = "https://files.pythonhosted.org/packages/1a/a4/57e4808a941d726066176dc2e43b2f40b032c581be9bf462e73338bf929c/psycopg_binary-3.3.1-cp311-cp311-manylinux_2_27_aarch64.manylinux_2_28_aarch64.whl", hash = "sha256:9e7efa31c2fd868d3b5ffce9db357c479e4248600b4a871f86b9468749a7e6d5", size = 6747711, upload-time = "2025-12-02T21:06:38.812Z" },
    { url = "https://files.pythonhosted.org/packages/1e/2a/a0f8b608fe30d86ef79df81046f57e93693b16b0adbe0f0ba6d05895d20b/psycopg_binary-3.3.1-cp311-cp311-manylinux_2_38_riscv64.manylinux_2_39_riscv64.whl", hash = "sha256:32e47361607f606290274dd4c00013b3faaf692c73c6af20fbd6c7148d956340", size = 4991631, upload-time = "2025-12-02T21:06:44.145Z" },
    { url = "https://files.pythonhosted.org/packages/a8/bc/524404888fa637224c9b39de07b46e57cda002f6524f3f89ad73492064eb/psycopg_binary-3.3.1-cp311-cp311-musllinux_1_2_aarch64.whl", hash = "sha256:62e8f62437831bdae33b11597c94bde2119c86d433f39bb7dfee6ef20962d84b", size = 4516761, upload-time = "2025-12-02T21:06:48.094Z" },
    { url = "https://files.pythonhosted.org/packages/45/d0/964470a0d3cd84469237c78a955b7173b77e94e9d7bfa03dc7469e70e480/psycopg_binary-3.3.1-cp311-cp311-musllinux_1_2_ppc64le.whl", hash = "sha256:da60f9141c3c0657fb39ad06794730df77ae25de128320f2af17886a3c8ad392", size = 4204027, upload-time = "2025-12-02T21:06:51.828Z" },
    { url = "https://files.pythonhosted.org/packages/5a/e1/ad97f4ceddd2267529b985eaf870af9497398fe5cdf00bfb1fe8668def72/psycopg_binary-3.3.1-cp311-cp311-musllinux_1_2_riscv64.whl", hash = "sha256:fca6d127fe48703ef9d2f392e4b8998677a197d088f3c0a8b370c1fd51d03aa0", size = 3935778, upload-time = "2025-12-02T21:06:55.836Z" },
    { url = "https://files.pythonhosted.org/packages/31/a1/e0ff00ea935b62c8826e2f54f0cf886b6deaccd1838118ab1f6fc5015e1e/psycopg_binary-3.3.1-cp311-cp311-musllinux_1_2_x86_64.whl", hash = "sha256:0d8340c59fa1aec1ad121b082443e4871d62c58b958cc089986860fd2d965c73", size = 4243240, upload-time = "2025-12-02T21:07:00.371Z" },
    { url = "https://files.pythonhosted.org/packages/96/a6/db60f25da67a5f315da1345d9ca2e2ae08b3d2180a7ff1eceb833f90d229/psycopg_binary-3.3.1-cp311-cp311-win_amd64.whl", hash = "sha256:c65e5cbc0f3a97e4ee83547124e6df766faa211c0ed50f8dba3ae0cf39b0f566", size = 3548097, upload-time = "2025-12-02T21:07:04.611Z" },
    { url = "https://files.pythonhosted.org/packages/7a/29/12cfc28594aa940f5894da1b2f5368f9163260e3d6b53cf3eb9413d07489/psycopg_binary-3.3.1-cp312-cp312-macosx_10_13_x86_64.whl", hash = "sha256:1f0afb5653614ad4a9a2fa0fa8c593508a18bd319afc26b20a33b883f263bf90", size = 4579837, upload-time = "2025-12-02T21:07:09.264Z" },
    { url = "https://files.pythonhosted.org/packages/e7/f0/2b4cfca5161af8bb573963d9540f97b191a5dfe1afd02c3183feeade47a2/psycopg_binary-3.3.1-cp312-cp312-macosx_11_0_arm64.whl", hash = "sha256:b84ed483a4d0271be201005c7567161fc6bc884f7ebc08ed9f82083b3a0d1f9e", size = 4658787, upload-time = "2025-12-02T21:07:17.39Z" },
    { url = "https://files.pythonhosted.org/packages/e6/3b/ade0f141178633b098cc80af7922d13bbfc1014401232785af6e485563a2/psycopg_binary-3.3.1-cp312-cp312-manylinux2014_ppc64le.manylinux_2_17_ppc64le.whl", hash = "sha256:3323652b73305e23cc9b5f4e332b25f00c8cb16f47ef84ee4430b7df38273707", size = 5454896, upload-time = "2025-12-02T21:07:23.918Z" },
    { url = "https://files.pythonhosted.org/packages/65/14/90aac9ec57580da90bd6a0986288f0422b0a650f1686e10444b8b579c0f2/psycopg_binary-3.3.1-cp312-cp312-manylinux2014_x86_64.manylinux_2_17_x86_64.whl", hash = "sha256:c64ed9a49e606c764510a1d98270cc42a38527776aa98baf6e8c4e20c5341b96", size = 5132733, upload-time = "2025-12-02T21:07:28.789Z" },
    { url = "https://files.pythonhosted.org/packages/90/62/bb2da10712e409ec1579be67a879824ab484989de8ed773309c880b57213/psycopg_binary-3.3.1-cp312-cp312-manylinux_2_27_aarch64.manylinux_2_28_aarch64.whl", hash = "sha256:b81eee7d7f5fa9a85778fb854d979ba16f48cec584c17c51117ba94ad9d6a667", size = 6724495, upload-time = "2025-12-02T21:07:34.821Z" },
    { url = "https://files.pythonhosted.org/packages/02/34/baf21418e62002c3cc0d35f4431b0b2953c44272e572ccd3b4161ffaa886/psycopg_binary-3.3.1-cp312-cp312-manylinux_2_38_riscv64.manylinux_2_39_riscv64.whl", hash = "sha256:8d0b967eada1831f6e8b652f6868c9fbdf80e397c1f096226fe0d545112f907d", size = 4964978, upload-time = "2025-12-02T21:07:39.34Z" },
    { url = "https://files.pythonhosted.org/packages/5a/b0/a375f37a852722878e2292f64dba8632d89c9afe0a3e0b9920a6bbcee847/psycopg_binary-3.3.1-cp312-cp312-musllinux_1_2_aarch64.whl", hash = "sha256:b2c86492e9b41d942bc263e5b961498bd404444b0547e1e2456e8f919599ad14", size = 4493649, upload-time = "2025-12-02T21:07:43.991Z" },
    { url = "https://files.pythonhosted.org/packages/bc/40/bb4bf3a141a1cbc36abd86867ca352c0807f062d5cb01d3e9141c685975b/psycopg_binary-3.3.1-cp312-cp312-musllinux_1_2_ppc64le.whl", hash = "sha256:5468dcdb2717dc764d1e1d9a391b714d28717bc8613e2e5481f261718e4e72c5", size = 4173392, upload-time = "2025-12-02T21:07:48.509Z" },
    { url = "https://files.pythonhosted.org/packages/b1/e1/178274150e5f0398697e74c0027651c668ca2e2ec57db98c811ba97bf69b/psycopg_binary-3.3.1-cp312-cp312-musllinux_1_2_riscv64.whl", hash = "sha256:e3aa33e5553d12b91e23b928e869587289c6c26de58b3b14f70bed06eb767c58", size = 3909241, upload-time = "2025-12-02T21:07:52.85Z" },
    { url = "https://files.pythonhosted.org/packages/42/01/220119f18bf8447756b92f5db87a6e723ae1dd1db81ad591393714b71f5e/psycopg_binary-3.3.1-cp312-cp312-musllinux_1_2_x86_64.whl", hash = "sha256:bbd26acb1ba8416a16256bfd87de9a1427fb2e04f8d79eae3fb64a112ede06f1", size = 4219745, upload-time = "2025-12-02T21:07:57.374Z" },
    { url = "https://files.pythonhosted.org/packages/94/87/ece0da8b6befb17bb5ffd64eb28fb5ddd539d2569700f2e3e78e91385434/psycopg_binary-3.3.1-cp312-cp312-win_amd64.whl", hash = "sha256:ce74da70444348135f9b5b9b67121eb9816ef483159bf54083765792c948f249", size = 3537480, upload-time = "2025-12-02T21:08:01.029Z" },
    { url = "https://files.pythonhosted.org/packages/79/44/f907c508267bc203082217faf5750274f4c240471f99990db70ed9f4dada/psycopg_binary-3.3.1-cp313-cp313-macosx_10_13_x86_64.whl", hash = "sha256:fda22ce8530236381ff79a674ebc319f1a224f2e39a44158774e55e1488f89b9", size = 4579070, upload-time = "2025-12-02T21:08:04.885Z" },
    { url = "https://files.pythonhosted.org/packages/08/61/554bd7b9b93aef79f0bd3c4d381d9809ecf38e55ab4eb5984f58a74695f7/psycopg_binary-3.3.1-cp313-cp313-macosx_11_0_arm64.whl", hash = "sha256:d2fc5fa6c45c406e43c8cc2787055d487b3ae597d2139125191b37fa04835f01", size = 4657517, upload-time = "2025-12-02T21:08:08.941Z" },
    { url = "https://files.pythonhosted.org/packages/b8/1b/c3bc20b72b9b056d1f7a3a131d676c66fe2bc7585f9d9f23d659d8725407/psycopg_binary-3.3.1-cp313-cp313-manylinux2014_ppc64le.manylinux_2_17_ppc64le.whl", hash = "sha256:4d97e4d27cc7ee6938faf7dc9919c452581b4795bd97f3f48582846f24ab81ed", size = 5452087, upload-time = "2025-12-02T21:08:15.144Z" },
    { url = "https://files.pythonhosted.org/packages/f5/e6/58ae55874b963893f46d68748b28e05c432b0c109f53b40970ba6bf9fe95/psycopg_binary-3.3.1-cp313-cp313-manylinux2014_x86_64.manylinux_2_17_x86_64.whl", hash = "sha256:f4fb5a3cf4373a8b06c2feb8f29ff4c69968ba443687dedec9f79ce22ef339ae", size = 5131126, upload-time = "2025-12-02T21:08:23.463Z" },
    { url = "https://files.pythonhosted.org/packages/4c/28/bfcfb1b7c2907585292aaf61e902cbd00ecff50120178bc3e8268a74c1d6/psycopg_binary-3.3.1-cp313-cp313-manylinux_2_27_aarch64.manylinux_2_28_aarch64.whl", hash = "sha256:4de5298b81423648ae751c789a6adb7f9396bd4de7f402db8f469901d676ebe4", size = 6722913, upload-time = "2025-12-02T21:08:30.328Z" },
    { url = "https://files.pythonhosted.org/packages/c5/ba/7f6d3117059d4824854fb4eeafe7cb9fe069a43724f6a36b21aac0cd911d/psycopg_binary-3.3.1-cp313-cp313-manylinux_2_38_riscv64.manylinux_2_39_riscv64.whl", hash = "sha256:a41139976b8546b78ccd776b9f63665c247e209ae384fa6908ea401e9df2c385", size = 4966088, upload-time = "2025-12-02T21:08:34.666Z" },
    { url = "https://files.pythonhosted.org/packages/a5/18/d1baed589d7254be32eda44262787e397d1845fc7f08a30c38bf9345d361/psycopg_binary-3.3.1-cp313-cp313-musllinux_1_2_aarch64.whl", hash = "sha256:f8ea017e58fa7fd8df1d9058ff0248e28f29312bf150a00114fc0ace8a800bfa", size = 4493332, upload-time = "2025-12-02T21:08:38.935Z" },
    { url = "https://files.pythonhosted.org/packages/08/62/57c6ac97cd4d1297115c3840fe09a19ae50b96294e3b8e988385497dc074/psycopg_binary-3.3.1-cp313-cp313-musllinux_1_2_ppc64le.whl", hash = "sha256:447e31350ea6816af03f39e6fc5ccccf18e34dc223a7d82734621048bb3fb9af", size = 4170782, upload-time = "2025-12-02T21:08:43.949Z" },
    { url = "https://files.pythonhosted.org/packages/12/27/b2577aad1baaa476cf482fb207850fb3f03467b3e6f3485e8cf360588ea8/psycopg_binary-3.3.1-cp313-cp313-musllinux_1_2_riscv64.whl", hash = "sha256:1f97f1814b046c8103b0a46a8c36c28399489716eba70ed38fbae30a27866e2c", size = 3910543, upload-time = "2025-12-02T21:08:48.202Z" },
    { url = "https://files.pythonhosted.org/packages/dc/89/7ad39e369706beda88827031504d9bb5fed58bf6fe50ec7045bd6750736b/psycopg_binary-3.3.1-cp313-cp313-musllinux_1_2_x86_64.whl", hash = "sha256:3986f783ff656a0392b81b7ac1e0f88a276a38276a5c93c0b89d4862e309d618", size = 4220070, upload-time = "2025-12-02T21:08:52.752Z" },
    { url = "https://files.pythonhosted.org/packages/ad/3a/703c155ab9fb64c874921116fd740c93494e6bd599b1bcd9e4987f5dcfb4/psycopg_binary-3.3.1-cp313-cp313-win_amd64.whl", hash = "sha256:63e7c689a4249a1303da35df0b813e7cb3b9e2e5eae492a47482ee1a41dc66b2", size = 3540907, upload-time = "2025-12-02T21:08:56.898Z" },
    { url = "https://files.pythonhosted.org/packages/89/a5/056d227c85e4b769f2f9a2f2be71d1754492277410e15b2035637bafb92e/psycopg_binary-3.3.1-cp314-cp314-macosx_10_15_x86_64.whl", hash = "sha256:7f7464571c2f4936810cdd7aed9108d3d80c6ea3d668a6e23fe8e9a4f4942d09", size = 4596368, upload-time = "2025-12-02T21:09:01.181Z" },
    { url = "https://files.pythonhosted.org/packages/eb/a8/5c628a984f3a53ec49d4f56827b6593abc609dc580f879e471fce39835b9/psycopg_binary-3.3.1-cp314-cp314-macosx_11_0_arm64.whl", hash = "sha256:4889aa16b2bfd4796a8648087262680d332fe9c6926fd7fd3d85c4f5eb483f01", size = 4675138, upload-time = "2025-12-02T21:09:06.095Z" },
    { url = "https://files.pythonhosted.org/packages/60/a8/e3cfd12e1bff144ce4af6e2c1ff72f2562a2853c4020843cb790c014c564/psycopg_binary-3.3.1-cp314-cp314-manylinux2014_ppc64le.manylinux_2_17_ppc64le.whl", hash = "sha256:87a01fc62483b4cb5c343194d78ef9d7588624ad260fa82b31bf3c08e285a95f", size = 5456120, upload-time = "2025-12-02T21:09:11.385Z" },
    { url = "https://files.pythonhosted.org/packages/84/d7/70905001d6865c155b08badc5225d56daafbc064702cc42874f88d21bef8/psycopg_binary-3.3.1-cp314-cp314-manylinux2014_x86_64.manylinux_2_17_x86_64.whl", hash = "sha256:64b93d8456e17545c53bd23f601488fc508b68c4128133bc97762a00e61e8ab2", size = 5133485, upload-time = "2025-12-02T21:09:15.775Z" },
    { url = "https://files.pythonhosted.org/packages/49/6e/0cf90710f154d52163db920d059766ad27b510d90961a7f8f068ae3830f1/psycopg_binary-3.3.1-cp314-cp314-manylinux_2_27_aarch64.manylinux_2_28_aarch64.whl", hash = "sha256:0f6b7bc0d230932aed188b9cc44b6fc6d43e2ec1585903d09a2d15095731ee07", size = 6731818, upload-time = "2025-12-02T21:09:25.092Z" },
    { url = "https://files.pythonhosted.org/packages/41/0f/c6c81861a8b2be54ff2b57a9eff84e50b3ec97d246dcb23311a25c9f78f0/psycopg_binary-3.3.1-cp314-cp314-manylinux_2_38_riscv64.manylinux_2_39_riscv64.whl", hash = "sha256:5d4e3d94c2475fefcb7b93b507fe8fa5c8c61f993c9bece0ffd05906f1dbb47d", size = 4983866, upload-time = "2025-12-02T21:09:31.937Z" },
    { url = "https://files.pythonhosted.org/packages/83/88/9804e7749680f35d1eda8d9a979156f3f685a1af3a7c0f124b6a728e3836/psycopg_binary-3.3.1-cp314-cp314-musllinux_1_2_aarch64.whl", hash = "sha256:7e0998da49b193d35641be04068f061965428a4b5e776065691b7f8c1bbc472e", size = 4516389, upload-time = "2025-12-02T21:09:36.058Z" },
    { url = "https://files.pythonhosted.org/packages/cc/cf/f136ba0afab5fce9c621883055918cee730671d22f83caa843dae0d728a8/psycopg_binary-3.3.1-cp314-cp314-musllinux_1_2_ppc64le.whl", hash = "sha256:cbf1c2fb03b7114808aa251ff6401cad0fa85e78dbecf45d711510797708b256", size = 4192382, upload-time = "2025-12-02T21:09:40.238Z" },
    { url = "https://files.pythonhosted.org/packages/ca/57/3c089efb7c52b455b3cfcc6d0a367e30f286777a3b291f93abe8eeeaa748/psycopg_binary-3.3.1-cp314-cp314-musllinux_1_2_riscv64.whl", hash = "sha256:18c87c715dda836dcdf1f71c6b71a3d10194f07faf8358d2d42bc637d70137cf", size = 3928661, upload-time = "2025-12-02T21:09:44.658Z" },
    { url = "https://files.pythonhosted.org/packages/1c/95/a8096c8f61622ae74d55bc4442c5e86b009fe8a07e7e4dd58783fe14fc81/psycopg_binary-3.3.1-cp314-cp314-musllinux_1_2_x86_64.whl", hash = "sha256:ec0a04b95faf5c6c0af24917883b282f23dc588f0ee565efdd1146ed8129d258", size = 4239169, upload-time = "2025-12-02T21:09:49.4Z" },
    { url = "https://files.pythonhosted.org/packages/21/f0/9603f03eb2f887d47b6554def8f01317069515f4294878011b341759e332/psycopg_binary-3.3.1-cp314-cp314-win_amd64.whl", hash = "sha256:c0bcb5a5ec01ccc34f884470473b2b9d1730513b7fb7175f741224af6af14182", size = 3642104, upload-time = "2025-12-02T21:09:53.514Z" },
]

[[package]]
name = "typing-extensions"
version = "4.15.0"
source = { registry = "https://pypi.org/simple" }
sdist = { url = "https://files.pythonhosted.org/packages/72/94/1a15dd82efb362ac84269196e94cf00f187f7ed21c242792a923cdb1c61f/typing_extensions-4.15.0.tar.gz", hash = "sha256:0cea48d173cc12fa28ecabc3b837ea3cf6f38c6d1136f85cbaaf598984861466", size = 109391, upload-time = "2025-08-25T13:49:26.313Z" }
wheels = [
    { url = "https://files.pythonhosted.org/packages/18/67/36e9267722cc04a6b9f15c7f3441c2363321a3ea07da7ae0c0707beb2a9c/typing_extensions-4.15.0-py3-none-any.whl", hash = "sha256:f0fa19c6845758ab08074a0cfa8b7aecb71c999ca73d62883bc25cc018c4e548", size = 44614, upload-time = "2025-08-25T13:49:24.86Z" },
]

[[package]]
name = "tzdata"
version = "2025.2"
source = { registry = "https://pypi.org/simple" }
sdist = { url = "https://files.pythonhosted.org/packages/95/32/1a225d6164441be760d75c2c42e2780dc0873fe382da3e98a2e1e48361e5/tzdata-2025.2.tar.gz", hash = "sha256:b60a638fcc0daffadf82fe0f57e53d06bdec2f36c4df66280ae79bce6bd6f2b9", size = 196380, upload-time = "2025-03-23T13:54:43.652Z" }
wheels = [
    { url = "https://files.pythonhosted.org/packages/5c/23/c7abc0ca0a1526a0774eca151daeb8de62ec457e77262b66b359c3c7679e/tzdata-2025.2-py2.py3-none-any.whl", hash = "sha256:1a403fada01ff9221ca8044d701868fa132215d84beb92242d9acd2147f667a8", size = 347839, upload-time = "2025-03-23T13:54:41.845Z" },
]
